
Microsoft Visual Studio Solution File, Format Version 12.00
# Visual Studio Version 16
VisualStudioVersion = 16.0.29411.108
MinimumVisualStudioVersion = 10.0.40219.1
Project("{FAE04EC0-301F-11D3-BF4B-00C04F79EFBC}") = "AnaliseCreditoItau", "AnaliseCreditoItau.csproj", "{1EDE295D-79DB-4B25-8F73-497C3BE7538A}"
EndProject
Global
	GlobalSection(SolutionConfigurationPlatforms) = preSolution
		Debug|Any CPU = Debug|Any CPU
		Release|Any CPU = Release|Any CPU
	EndGlobalSection
	GlobalSection(ProjectConfigurationPlatforms) = postSolution
		{1EDE295D-79DB-4B25-8F73-497C3BE7538A}.Debug|Any CPU.ActiveCfg = Debug|Any CPU
		{1EDE295D-79DB-4B25-8F73-497C3BE7538A}.Debug|Any CPU.Build.0 = Debug|Any CPU
		{1EDE295D-79DB-4B25-8F73-497C3BE7538A}.Release|Any CPU.ActiveCfg = Release|Any CPU
		{1EDE295D-79DB-4B25-8F73-497C3BE7538A}.Release|Any CPU.Build.0 = Release|Any CPU
	EndGlobalSection
	GlobalSection(SolutionProperties) = preSolution
		HideSolutionNode = FALSE
	EndGlobalSection
	GlobalSection(ExtensibilityGlobals) = postSolution
		SolutionGuid = {F1C7ED31-A917-4CCE-B817-6EC4ADD89C3D}
	EndGlobalSection
EndGlobal
